
Microsoft Visual Studio Solution File, Format Version 12.00
# Visual Studio Version 16
VisualStudioVersion = 16.0.32228.343
MinimumVisualStudioVersion = 10.0.40219.1
Project("{8BC9CEB8-8B4A-11D0-8D11-00A0C91BC942}") = "WaypointRoute", "WaypointRoute\WaypointRoute.vcxproj", "{7180E1D1-1F1A-44D3-A73E-6222AA63F5FF}"
EndProject
Global
	GlobalSection(SolutionConfigurationPlatforms) = preSolution
		Debug|x64 = Debug|x64
		Debug|x86 = Debug|x86
		Release|x64 = Release|x64
		Release|x86 = Release|x86
	EndGlobalSection
	GlobalSection(ProjectConfigurationPlatforms) = postSolution
		{7180E1D1-1F1A-44D3-A73E-6222AA63F5FF}.Debug|x64.ActiveCfg = Debug|x64
		{7180E1D1-1F1A-44D3-A73E-6222AA63F5FF}.Debug|x64.Build.0 = Debug|x64
		{7180E1D1-1F1A-44D3-A73E-6222AA63F5FF}.Debug|x86.ActiveCfg = Debug|Win32
		{7180E1D1-1F1A-44D3-A73E-6222AA63F5FF}.Debug|x86.Build.0 = Debug|Win32
		{7180E1D1-1F1A-44D3-A73E-6222AA63F5FF}.Release|x64.ActiveCfg = Release|x64
		{7180E1D1-1F1A-44D3-A73E-6222AA63F5FF}.Release|x64.Build.0 = Release|x64
		{7180E1D1-1F1A-44D3-A73E-6222AA63F5FF}.Release|x86.ActiveCfg = Release|Win32
		{7180E1D1-1F1A-44D3-A73E-6222AA63F5FF}.Release|x86.Build.0 = Release|Win32
	EndGlobalSection
	GlobalSection(SolutionProperties) = preSolution
		HideSolutionNode = FALSE
	EndGlobalSection
	GlobalSection(ExtensibilityGlobals) = postSolution
		SolutionGuid = {9993845D-DC05-414F-AAEB-EB9763A0C1F5}
	EndGlobalSection
EndGlobal
